
Microsoft Visual Studio Solution File, Format Version 12.00
# Visual Studio Version 17
VisualStudioVersion = 17.14.36804.6
MinimumVisualStudioVersion = 10.0.40219.1
Project("{FAE04EC0-301F-11D3-BF4B-00C04F79EFBC}") = "RobotGame", "RobotGame\RobotGame\RobotGame.csproj", "{D2384F83-0130-4028-8FA7-3EC95F878782}"
	ProjectSection(ProjectDependencies) = postProject
		{116BA0ED-B247-4709-B985-6A518740D81F} = {116BA0ED-B247-4709-B985-6A518740D81F}
	EndProjectSection
EndProject
Project("{FAE04EC0-301F-11D3-BF4B-00C04F79EFBC}") = "RobotGame.Content", "RobotGame\RobotGame.Content\RobotGame.Content.csproj", "{9E86B1B2-8670-400E-90CE-F93F2E3C5A77}"
EndProject
Project("{FAE04EC0-301F-11D3-BF4B-00C04F79EFBC}") = "RobotGameData", "RobotGameData\RobotGameData.csproj", "{883F862F-8849-490D-AC5C-F76C6B4B502A}"
EndProject
Project("{FAE04EC0-301F-11D3-BF4B-00C04F79EFBC}") = "RobotGameProcessors", "RobotGameProcessors\RobotGameProcessors.csproj", "{116BA0ED-B247-4709-B985-6A518740D81F}"
EndProject
Global
	GlobalSection(SolutionConfigurationPlatforms) = preSolution
		Debug|x86 = Debug|x86
		Release|x86 = Release|x86
	EndGlobalSection
	GlobalSection(ProjectConfigurationPlatforms) = postSolution
		{D2384F83-0130-4028-8FA7-3EC95F878782}.Debug|x86.ActiveCfg = Debug|x86
		{D2384F83-0130-4028-8FA7-3EC95F878782}.Debug|x86.Build.0 = Debug|x86
		{D2384F83-0130-4028-8FA7-3EC95F878782}.Release|x86.ActiveCfg = Release|x86
		{D2384F83-0130-4028-8FA7-3EC95F878782}.Release|x86.Build.0 = Release|x86
		{9E86B1B2-8670-400E-90CE-F93F2E3C5A77}.Debug|x86.ActiveCfg = Debug|x86
		{9E86B1B2-8670-400E-90CE-F93F2E3C5A77}.Debug|x86.Build.0 = Debug|x86
		{9E86B1B2-8670-400E-90CE-F93F2E3C5A77}.Release|x86.ActiveCfg = Release|x86
		{9E86B1B2-8670-400E-90CE-F93F2E3C5A77}.Release|x86.Build.0 = Release|x86
		{883F862F-8849-490D-AC5C-F76C6B4B502A}.Debug|x86.ActiveCfg = Debug|Any CPU
		{883F862F-8849-490D-AC5C-F76C6B4B502A}.Debug|x86.Build.0 = Debug|Any CPU
		{883F862F-8849-490D-AC5C-F76C6B4B502A}.Release|x86.ActiveCfg = Release|Any CPU
		{883F862F-8849-490D-AC5C-F76C6B4B502A}.Release|x86.Build.0 = Release|Any CPU
		{116BA0ED-B247-4709-B985-6A518740D81F}.Debug|x86.ActiveCfg = Debug|Any CPU
		{116BA0ED-B247-4709-B985-6A518740D81F}.Debug|x86.Build.0 = Debug|Any CPU
		{116BA0ED-B247-4709-B985-6A518740D81F}.Release|x86.ActiveCfg = Release|Any CPU
		{116BA0ED-B247-4709-B985-6A518740D81F}.Release|x86.Build.0 = Release|Any CPU
	EndGlobalSection
	GlobalSection(SolutionProperties) = preSolution
		HideSolutionNode = FALSE
	EndGlobalSection
	GlobalSection(ExtensibilityGlobals) = postSolution
		SolutionGuid = {22E0C348-231C-442A-A787-C70F8B28D699}
	EndGlobalSection
EndGlobal
